
Microsoft Visual Studio Solution File, Format Version 12.00
# Visual Studio Version 16
VisualStudioVersion = 16.0.30621.155
MinimumVisualStudioVersion = 10.0.40219.1
Project("{9A19103F-16F7-4668-BE54-9A1E7A4F7556}") = "zadanko", "zadanko.csproj", "{9297F2B7-73F5-4556-8273-BBE2D8A9EE7D}"
EndProject
Global
	GlobalSection(SolutionConfigurationPlatforms) = preSolution
		Debug|Any CPU = Debug|Any CPU
		Release|Any CPU = Release|Any CPU
	EndGlobalSection
	GlobalSection(ProjectConfigurationPlatforms) = postSolution
		{9297F2B7-73F5-4556-8273-BBE2D8A9EE7D}.Debug|Any CPU.ActiveCfg = Debug|Any CPU
		{9297F2B7-73F5-4556-8273-BBE2D8A9EE7D}.Debug|Any CPU.Build.0 = Debug|Any CPU
		{9297F2B7-73F5-4556-8273-BBE2D8A9EE7D}.Release|Any CPU.ActiveCfg = Release|Any CPU
		{9297F2B7-73F5-4556-8273-BBE2D8A9EE7D}.Release|Any CPU.Build.0 = Release|Any CPU
	EndGlobalSection
	GlobalSection(SolutionProperties) = preSolution
		HideSolutionNode = FALSE
	EndGlobalSection
	GlobalSection(ExtensibilityGlobals) = postSolution
		SolutionGuid = {5CE0D6AB-C25E-4F30-AE03-55856590CEAF}
	EndGlobalSection
EndGlobal
